
Microsoft Visual Studio Solution File, Format Version 12.00
# Visual Studio Version 17
VisualStudioVersion = 17.14.36203.30 d17.14
MinimumVisualStudioVersion = 10.0.40219.1
Project("{888888A0-9F3D-457C-B088-3A5042F75D52}") = "patato", "patato\patato.pyproj", "{AD8CADD3-A19C-4762-B96E-51EAA1FB9680}"
EndProject
Global
	GlobalSection(SolutionConfigurationPlatforms) = preSolution
		Debug|Any CPU = Debug|Any CPU
		Release|Any CPU = Release|Any CPU
	EndGlobalSection
	GlobalSection(ProjectConfigurationPlatforms) = postSolution
		{AD8CADD3-A19C-4762-B96E-51EAA1FB9680}.Debug|Any CPU.ActiveCfg = Debug|Any CPU
		{AD8CADD3-A19C-4762-B96E-51EAA1FB9680}.Release|Any CPU.ActiveCfg = Release|Any CPU
	EndGlobalSection
	GlobalSection(SolutionProperties) = preSolution
		HideSolutionNode = FALSE
	EndGlobalSection
	GlobalSection(ExtensibilityGlobals) = postSolution
		SolutionGuid = {EA8CE9E0-E6A5-4B10-9999-4680C94711E8}
	EndGlobalSection
EndGlobal
